
Microsoft Visual Studio Solution File, Format Version 12.00
# Visual Studio Version 17
VisualStudioVersion = 17.10.35013.160
MinimumVisualStudioVersion = 10.0.40219.1
Project("{FAE04EC0-301F-11D3-BF4B-00C04F79EFBC}") = "InheratanceTargil8020", "InheratanceTargil8020.csproj", "{C3208D18-AF4C-4580-AEED-E3048230ADBF}"
EndProject
Global
	GlobalSection(SolutionConfigurationPlatforms) = preSolution
		Debug|Any CPU = Debug|Any CPU
		Release|Any CPU = Release|Any CPU
	EndGlobalSection
	GlobalSection(ProjectConfigurationPlatforms) = postSolution
		{C3208D18-AF4C-4580-AEED-E3048230ADBF}.Debug|Any CPU.ActiveCfg = Debug|Any CPU
		{C3208D18-AF4C-4580-AEED-E3048230ADBF}.Debug|Any CPU.Build.0 = Debug|Any CPU
		{C3208D18-AF4C-4580-AEED-E3048230ADBF}.Release|Any CPU.ActiveCfg = Release|Any CPU
		{C3208D18-AF4C-4580-AEED-E3048230ADBF}.Release|Any CPU.Build.0 = Release|Any CPU
	EndGlobalSection
	GlobalSection(SolutionProperties) = preSolution
		HideSolutionNode = FALSE
	EndGlobalSection
	GlobalSection(ExtensibilityGlobals) = postSolution
		SolutionGuid = {4D87B0E9-011F-457C-97F0-C1DAC6C78D45}
	EndGlobalSection
EndGlobal
